{
  "name": "nuker.us",
  "lockfileVersion": 3,
  "requires": true,
  "packages": {
    "": {
      "dependencies": {
        "@ipld/car": "^5.4.0",
        "binaryen": "^121.0.0",
        "cbor-x": "^1.6.0",
        "esbuild": "^0.24.2",
        "multiformats": "^13.3.1",
        "three": "^0.172.0",
        "troika-three-text": "^0.52.3"
      }
    },
    "node_modules/@cbor-extract/cbor-extract-darwin-arm64": {
      "version": "2.2.0",
      "resolved": "https://registry.npmjs.org/@cbor-extract/cbor-extract-darwin-arm64/-/cbor-extract-darwin-arm64-2.2.0.tgz",
      "integrity": "sha512-P7swiOAdF7aSi0H+tHtHtr6zrpF3aAq/W9FXx5HektRvLTM2O89xCyXF3pk7pLc7QpaY7AoaE8UowVf9QBdh3w==",
      "cpu": [
        "arm64"
      ],
      "optional": true,
      "os": [
        "darwin"
      ]
    },
    "node_modules/@cbor-extract/cbor-extract-darwin-x64": {
      "version": "2.2.0",
      "resolved": "https://registry.npmjs.org/@cbor-extract/cbor-extract-darwin-x64/-/cbor-extract-darwin-x64-2.2.0.tgz",
      "integrity": "sha512-1liF6fgowph0JxBbYnAS7ZlqNYLf000Qnj4KjqPNW4GViKrEql2MgZnAsExhY9LSy8dnvA4C0qHEBgPrll0z0w==",
      "cpu": [
        "x64"
      ],
      "optional": true,
      "os": [
        "darwin"
      ]
    },
    "node_modules/@cbor-extract/cbor-extract-linux-arm": {
      "version": "2.2.0",
      "resolved": "https://registry.npmjs.org/@cbor-extract/cbor-extract-linux-arm/-/cbor-extract-linux-arm-2.2.0.tgz",
      "integrity": "sha512-QeBcBXk964zOytiedMPQNZr7sg0TNavZeuUCD6ON4vEOU/25+pLhNN6EDIKJ9VLTKaZ7K7EaAriyYQ1NQ05s/Q==",
      "cpu": [
        "arm"
      ],
      "optional": true,
      "os": [
        "linux"
      ]
    },
    "node_modules/@cbor-extract/cbor-extract-linux-arm64": {
      "version": "2.2.0",
      "resolved": "https://registry.npmjs.org/@cbor-extract/cbor-extract-linux-arm64/-/cbor-extract-linux-arm64-2.2.0.tgz",
      "integrity": "sha512-rQvhNmDuhjTVXSPFLolmQ47/ydGOFXtbR7+wgkSY0bdOxCFept1hvg59uiLPT2fVDuJFuEy16EImo5tE2x3RsQ==",
      "cpu": [
        "arm64"
      ],
      "optional": true,
      "os": [
        "linux"
      ]
    },
    "node_modules/@cbor-extract/cbor-extract-linux-x64": {
      "version": "2.2.0",
      "resolved": "https://registry.npmjs.org/@cbor-extract/cbor-extract-linux-x64/-/cbor-extract-linux-x64-2.2.0.tgz",
      "integrity": "sha512-cWLAWtT3kNLHSvP4RKDzSTX9o0wvQEEAj4SKvhWuOVZxiDAeQazr9A+PSiRILK1VYMLeDml89ohxCnUNQNQNCw==",
      "cpu": [
        "x64"
      ],
      "optional": true,
      "os": [
        "linux"
      ]
    },
    "node_modules/@cbor-extract/cbor-extract-win32-x64": {
      "version": "2.2.0",
      "resolved": "https://registry.npmjs.org/@cbor-extract/cbor-extract-win32-x64/-/cbor-extract-win32-x64-2.2.0.tgz",
      "integrity": "sha512-l2M+Z8DO2vbvADOBNLbbh9y5ST1RY5sqkWOg/58GkUPBYou/cuNZ68SGQ644f1CvZ8kcOxyZtw06+dxWHIoN/w==",
      "cpu": [
        "x64"
      ],
      "optional": true,
      "os": [
        "win32"
      ]
    },
    "node_modules/@esbuild/aix-ppc64": {
      "version": "0.24.2",
      "resolved": "https://registry.npmjs.org/@esbuild/aix-ppc64/-/aix-ppc64-0.24.2.tgz",
      "integrity": "sha512-thpVCb/rhxE/BnMLQ7GReQLLN8q9qbHmI55F4489/ByVg2aQaQ6kbcLb6FHkocZzQhxc4gx0sCk0tJkKBFzDhA==",
      "cpu": [
        "ppc64"
      ],
      "license": "MIT",
      "optional": true,
      "os": [
        "aix"
      ],
      "engines": {
        "node": ">=18"
      }
    },
    "node_modules/@esbuild/android-arm": {
      "version": "0.24.2",
      "resolved": "https://registry.npmjs.org/@esbuild/android-arm/-/android-arm-0.24.2.tgz",
      "integrity": "sha512-tmwl4hJkCfNHwFB3nBa8z1Uy3ypZpxqxfTQOcHX+xRByyYgunVbZ9MzUUfb0RxaHIMnbHagwAxuTL+tnNM+1/Q==",
      "cpu": [
        "arm"
      ],
      "license": "MIT",
      "optional": true,
      "os": [
        "android"
      ],
      "engines": {
        "node": ">=18"
      }
    },
    "node_modules/@esbuild/android-arm64": {
      "version": "0.24.2",
      "resolved": "https://registry.npmjs.org/@esbuild/android-arm64/-/android-arm64-0.24.2.tgz",
      "integrity": "sha512-cNLgeqCqV8WxfcTIOeL4OAtSmL8JjcN6m09XIgro1Wi7cF4t/THaWEa7eL5CMoMBdjoHOTh/vwTO/o2TRXIyzg==",
      "cpu": [
        "arm64"
      ],
      "license": "MIT",
      "optional": true,
      "os": [
        "android"
      ],
      "engines": {
        "node": ">=18"
      }
    },
    "node_modules/@esbuild/android-x64": {
      "version": "0.24.2",
      "resolved": "https://registry.npmjs.org/@esbuild/android-x64/-/android-x64-0.24.2.tgz",
      "integrity": "sha512-B6Q0YQDqMx9D7rvIcsXfmJfvUYLoP722bgfBlO5cGvNVb5V/+Y7nhBE3mHV9OpxBf4eAS2S68KZztiPaWq4XYw==",
      "cpu": [
        "x64"
      ],
      "license": "MIT",
      "optional": true,
      "os": [
        "android"
      ],
      "engines": {
        "node": ">=18"
      }
    },
    "node_modules/@esbuild/darwin-arm64": {
      "version": "0.24.2",
      "resolved": "https://registry.npmjs.org/@esbuild/darwin-arm64/-/darwin-arm64-0.24.2.tgz",
      "integrity": "sha512-kj3AnYWc+CekmZnS5IPu9D+HWtUI49hbnyqk0FLEJDbzCIQt7hg7ucF1SQAilhtYpIujfaHr6O0UHlzzSPdOeA==",
      "cpu": [
        "arm64"
      ],
      "license": "MIT",
      "optional": true,
      "os": [
        "darwin"
      ],
      "engines": {
        "node": ">=18"
      }
    },
    "node_modules/@esbuild/darwin-x64": {
      "version": "0.24.2",
      "resolved": "https://registry.npmjs.org/@esbuild/darwin-x64/-/darwin-x64-0.24.2.tgz",
      "integrity": "sha512-WeSrmwwHaPkNR5H3yYfowhZcbriGqooyu3zI/3GGpF8AyUdsrrP0X6KumITGA9WOyiJavnGZUwPGvxvwfWPHIA==",
      "cpu": [
        "x64"
      ],
      "license": "MIT",
      "optional": true,
      "os": [
        "darwin"
      ],
      "engines": {
        "node": ">=18"
      }
    },
    "node_modules/@esbuild/freebsd-arm64": {
      "version": "0.24.2",
      "resolved": "https://registry.npmjs.org/@esbuild/freebsd-arm64/-/freebsd-arm64-0.24.2.tgz",
      "integrity": "sha512-UN8HXjtJ0k/Mj6a9+5u6+2eZ2ERD7Edt1Q9IZiB5UZAIdPnVKDoG7mdTVGhHJIeEml60JteamR3qhsr1r8gXvg==",
      "cpu": [
        "arm64"
      ],
      "license": "MIT",
      "optional": true,
      "os": [
        "freebsd"
      ],
      "engines": {
        "node": ">=18"
      }
    },
    "node_modules/@esbuild/freebsd-x64": {
      "version": "0.24.2",
      "resolved": "https://registry.npmjs.org/@esbuild/freebsd-x64/-/freebsd-x64-0.24.2.tgz",
      "integrity": "sha512-TvW7wE/89PYW+IevEJXZ5sF6gJRDY/14hyIGFXdIucxCsbRmLUcjseQu1SyTko+2idmCw94TgyaEZi9HUSOe3Q==",
      "cpu": [
        "x64"
      ],
      "license": "MIT",
      "optional": true,
      "os": [
        "freebsd"
      ],
      "engines": {
        "node": ">=18"
      }
    },
    "node_modules/@esbuild/linux-arm": {
      "version": "0.24.2",
      "resolved": "https://registry.npmjs.org/@esbuild/linux-arm/-/linux-arm-0.24.2.tgz",
      "integrity": "sha512-n0WRM/gWIdU29J57hJyUdIsk0WarGd6To0s+Y+LwvlC55wt+GT/OgkwoXCXvIue1i1sSNWblHEig00GBWiJgfA==",
      "cpu": [
        "arm"
      ],
      "license": "MIT",
      "optional": true,
      "os": [
        "linux"
      ],
      "engines": {
        "node": ">=18"
      }
    },
    "node_modules/@esbuild/linux-arm64": {
      "version": "0.24.2",
      "resolved": "https://registry.npmjs.org/@esbuild/linux-arm64/-/linux-arm64-0.24.2.tgz",
      "integrity": "sha512-7HnAD6074BW43YvvUmE/35Id9/NB7BeX5EoNkK9obndmZBUk8xmJJeU7DwmUeN7tkysslb2eSl6CTrYz6oEMQg==",
      "cpu": [
        "arm64"
      ],
      "license": "MIT",
      "optional": true,
      "os": [
        "linux"
      ],
      "engines": {
        "node": ">=18"
      }
    },
    "node_modules/@esbuild/linux-ia32": {
      "version": "0.24.2",
      "resolved": "https://registry.npmjs.org/@esbuild/linux-ia32/-/linux-ia32-0.24.2.tgz",
      "integrity": "sha512-sfv0tGPQhcZOgTKO3oBE9xpHuUqguHvSo4jl+wjnKwFpapx+vUDcawbwPNuBIAYdRAvIDBfZVvXprIj3HA+Ugw==",
      "cpu": [
        "ia32"
      ],
      "license": "MIT",
      "optional": true,
      "os": [
        "linux"
      ],
      "engines": {
        "node": ">=18"
      }
    },
    "node_modules/@esbuild/linux-loong64": {
      "version": "0.24.2",
      "resolved": "https://registry.npmjs.org/@esbuild/linux-loong64/-/linux-loong64-0.24.2.tgz",
      "integrity": "sha512-CN9AZr8kEndGooS35ntToZLTQLHEjtVB5n7dl8ZcTZMonJ7CCfStrYhrzF97eAecqVbVJ7APOEe18RPI4KLhwQ==",
      "cpu": [
        "loong64"
      ],
      "license": "MIT",
      "optional": true,
      "os": [
        "linux"
      ],
      "engines": {
        "node": ">=18"
      }
    },
    "node_modules/@esbuild/linux-mips64el": {
      "version": "0.24.2",
      "resolved": "https://registry.npmjs.org/@esbuild/linux-mips64el/-/linux-mips64el-0.24.2.tgz",
      "integrity": "sha512-iMkk7qr/wl3exJATwkISxI7kTcmHKE+BlymIAbHO8xanq/TjHaaVThFF6ipWzPHryoFsesNQJPE/3wFJw4+huw==",
      "cpu": [
        "mips64el"
      ],
      "license": "MIT",
      "optional": true,
      "os": [
        "linux"
      ],
      "engines": {
        "node": ">=18"
      }
    },
    "node_modules/@esbuild/linux-ppc64": {
      "version": "0.24.2",
      "resolved": "https://registry.npmjs.org/@esbuild/linux-ppc64/-/linux-ppc64-0.24.2.tgz",
      "integrity": "sha512-shsVrgCZ57Vr2L8mm39kO5PPIb+843FStGt7sGGoqiiWYconSxwTiuswC1VJZLCjNiMLAMh34jg4VSEQb+iEbw==",
      "cpu": [
        "ppc64"
      ],
      "license": "MIT",
      "optional": true,
      "os": [
        "linux"
      ],
      "engines": {
        "node": ">=18"
      }
    },
    "node_modules/@esbuild/linux-riscv64": {
      "version": "0.24.2",
      "resolved": "https://registry.npmjs.org/@esbuild/linux-riscv64/-/linux-riscv64-0.24.2.tgz",
      "integrity": "sha512-4eSFWnU9Hhd68fW16GD0TINewo1L6dRrB+oLNNbYyMUAeOD2yCK5KXGK1GH4qD/kT+bTEXjsyTCiJGHPZ3eM9Q==",
      "cpu": [
        "riscv64"
      ],
      "license": "MIT",
      "optional": true,
      "os": [
        "linux"
      ],
      "engines": {
        "node": ">=18"
      }
    },
    "node_modules/@esbuild/linux-s390x": {
      "version": "0.24.2",
      "resolved": "https://registry.npmjs.org/@esbuild/linux-s390x/-/linux-s390x-0.24.2.tgz",
      "integrity": "sha512-S0Bh0A53b0YHL2XEXC20bHLuGMOhFDO6GN4b3YjRLK//Ep3ql3erpNcPlEFed93hsQAjAQDNsvcK+hV90FubSw==",
      "cpu": [
        "s390x"
      ],
      "license": "MIT",
      "optional": true,
      "os": [
        "linux"
      ],
      "engines": {
        "node": ">=18"
      }
    },
    "node_modules/@esbuild/linux-x64": {
      "version": "0.24.2",
      "resolved": "https://registry.npmjs.org/@esbuild/linux-x64/-/linux-x64-0.24.2.tgz",
      "integrity": "sha512-8Qi4nQcCTbLnK9WoMjdC9NiTG6/E38RNICU6sUNqK0QFxCYgoARqVqxdFmWkdonVsvGqWhmm7MO0jyTqLqwj0Q==",
      "cpu": [
        "x64"
      ],
      "license": "MIT",
      "optional": true,
      "os": [
        "linux"
      ],
      "engines": {
        "node": ">=18"
      }
    },
    "node_modules/@esbuild/netbsd-arm64": {
      "version": "0.24.2",
      "resolved": "https://registry.npmjs.org/@esbuild/netbsd-arm64/-/netbsd-arm64-0.24.2.tgz",
      "integrity": "sha512-wuLK/VztRRpMt9zyHSazyCVdCXlpHkKm34WUyinD2lzK07FAHTq0KQvZZlXikNWkDGoT6x3TD51jKQ7gMVpopw==",
      "cpu": [
        "arm64"
      ],
      "license": "MIT",
      "optional": true,
      "os": [
        "netbsd"
      ],
      "engines": {
        "node": ">=18"
      }
    },
    "node_modules/@esbuild/netbsd-x64": {
      "version": "0.24.2",
      "resolved": "https://registry.npmjs.org/@esbuild/netbsd-x64/-/netbsd-x64-0.24.2.tgz",
      "integrity": "sha512-VefFaQUc4FMmJuAxmIHgUmfNiLXY438XrL4GDNV1Y1H/RW3qow68xTwjZKfj/+Plp9NANmzbH5R40Meudu8mmw==",
      "cpu": [
        "x64"
      ],
      "license": "MIT",
      "optional": true,
      "os": [
        "netbsd"
      ],
      "engines": {
        "node": ">=18"
      }
    },
    "node_modules/@esbuild/openbsd-arm64": {
      "version": "0.24.2",
      "resolved": "https://registry.npmjs.org/@esbuild/openbsd-arm64/-/openbsd-arm64-0.24.2.tgz",
      "integrity": "sha512-YQbi46SBct6iKnszhSvdluqDmxCJA+Pu280Av9WICNwQmMxV7nLRHZfjQzwbPs3jeWnuAhE9Jy0NrnJ12Oz+0A==",
      "cpu": [
        "arm64"
      ],
      "license": "MIT",
      "optional": true,
      "os": [
        "openbsd"
      ],
      "engines": {
        "node": ">=18"
      }
    },
    "node_modules/@esbuild/openbsd-x64": {
      "version": "0.24.2",
      "resolved": "https://registry.npmjs.org/@esbuild/openbsd-x64/-/openbsd-x64-0.24.2.tgz",
      "integrity": "sha512-+iDS6zpNM6EnJyWv0bMGLWSWeXGN/HTaF/LXHXHwejGsVi+ooqDfMCCTerNFxEkM3wYVcExkeGXNqshc9iMaOA==",
      "cpu": [
        "x64"
      ],
      "license": "MIT",
      "optional": true,
      "os": [
        "openbsd"
      ],
      "engines": {
        "node": ">=18"
      }
    },
    "node_modules/@esbuild/sunos-x64": {
      "version": "0.24.2",
      "resolved": "https://registry.npmjs.org/@esbuild/sunos-x64/-/sunos-x64-0.24.2.tgz",
      "integrity": "sha512-hTdsW27jcktEvpwNHJU4ZwWFGkz2zRJUz8pvddmXPtXDzVKTTINmlmga3ZzwcuMpUvLw7JkLy9QLKyGpD2Yxig==",
      "cpu": [
        "x64"
      ],
      "license": "MIT",
      "optional": true,
      "os": [
        "sunos"
      ],
      "engines": {
        "node": ">=18"
      }
    },
    "node_modules/@esbuild/win32-arm64": {
      "version": "0.24.2",
      "resolved": "https://registry.npmjs.org/@esbuild/win32-arm64/-/win32-arm64-0.24.2.tgz",
      "integrity": "sha512-LihEQ2BBKVFLOC9ZItT9iFprsE9tqjDjnbulhHoFxYQtQfai7qfluVODIYxt1PgdoyQkz23+01rzwNwYfutxUQ==",
      "cpu": [
        "arm64"
      ],
      "license": "MIT",
      "optional": true,
      "os": [
        "win32"
      ],
      "engines": {
        "node": ">=18"
      }
    },
    "node_modules/@esbuild/win32-ia32": {
      "version": "0.24.2",
      "resolved": "https://registry.npmjs.org/@esbuild/win32-ia32/-/win32-ia32-0.24.2.tgz",
      "integrity": "sha512-q+iGUwfs8tncmFC9pcnD5IvRHAzmbwQ3GPS5/ceCyHdjXubwQWI12MKWSNSMYLJMq23/IUCvJMS76PDqXe1fxA==",
      "cpu": [
        "ia32"
      ],
      "license": "MIT",
      "optional": true,
      "os": [
        "win32"
      ],
      "engines": {
        "node": ">=18"
      }
    },
    "node_modules/@esbuild/win32-x64": {
      "version": "0.24.2",
      "resolved": "https://registry.npmjs.org/@esbuild/win32-x64/-/win32-x64-0.24.2.tgz",
      "integrity": "sha512-7VTgWzgMGvup6aSqDPLiW5zHaxYJGTO4OokMjIlrCtf+VpEL+cXKtCvg723iguPYI5oaUNdS+/V7OU2gvXVWEg==",
      "cpu": [
        "x64"
      ],
      "license": "MIT",
      "optional": true,
      "os": [
        "win32"
      ],
      "engines": {
        "node": ">=18"
      }
    },
    "node_modules/@ipld/car": {
      "version": "5.4.0",
      "resolved": "https://registry.npmjs.org/@ipld/car/-/car-5.4.0.tgz",
      "integrity": "sha512-FiGxOhTUh3fn/kkA+YvNYQjA/T8T5DcKG0NZwAi3aXrizN1qm99HzdYTccEwcX/rUCtI8wTUCKDNPBLUb7pBIQ==",
      "dependencies": {
        "@ipld/dag-cbor": "^9.0.7",
        "cborg": "^4.0.5",
        "multiformats": "^13.0.0",
        "varint": "^6.0.0"
      },
      "engines": {
        "node": ">=16.0.0",
        "npm": ">=7.0.0"
      }
    },
    "node_modules/@ipld/dag-cbor": {
      "version": "9.2.2",
      "resolved": "https://registry.npmjs.org/@ipld/dag-cbor/-/dag-cbor-9.2.2.tgz",
      "integrity": "sha512-uIEOuruCqKTP50OBWwgz4Js2+LhiBQaxc57cnP71f45b1mHEAo1OCR1Zn/TbvSW/mV1x+JqhacIktkKyaYqhCw==",
      "dependencies": {
        "cborg": "^4.0.0",
        "multiformats": "^13.1.0"
      },
      "engines": {
        "node": ">=16.0.0",
        "npm": ">=7.0.0"
      }
    },
    "node_modules/bidi-js": {
      "version": "1.0.3",
      "resolved": "https://registry.npmjs.org/bidi-js/-/bidi-js-1.0.3.tgz",
      "integrity": "sha512-RKshQI1R3YQ+n9YJz2QQ147P66ELpa1FQEg20Dk8oW9t2KgLbpDLLp9aGZ7y8WHSshDknG0bknqGw5/tyCs5tw==",
      "license": "MIT",
      "dependencies": {
        "require-from-string": "^2.0.2"
      }
    },
    "node_modules/binaryen": {
      "version": "121.0.0",
      "resolved": "https://registry.npmjs.org/binaryen/-/binaryen-121.0.0.tgz",
      "integrity": "sha512-St5LX+CmVdDQMf+DDHWdne7eDK+8tH9TE4Kc+Xk3s5+CzVYIKeJbWuXgsKVbkdLJXGUc2eflFqjThQy555mBag==",
      "bin": {
        "wasm-as": "bin/wasm-as",
        "wasm-ctor-eval": "bin/wasm-ctor-eval",
        "wasm-dis": "bin/wasm-dis",
        "wasm-merge": "bin/wasm-merge",
        "wasm-metadce": "bin/wasm-metadce",
        "wasm-opt": "bin/wasm-opt",
        "wasm-reduce": "bin/wasm-reduce",
        "wasm-shell": "bin/wasm-shell",
        "wasm2js": "bin/wasm2js"
      }
    },
    "node_modules/cbor-extract": {
      "version": "2.2.0",
      "resolved": "https://registry.npmjs.org/cbor-extract/-/cbor-extract-2.2.0.tgz",
      "integrity": "sha512-Ig1zM66BjLfTXpNgKpvBePq271BPOvu8MR0Jl080yG7Jsl+wAZunfrwiwA+9ruzm/WEdIV5QF/bjDZTqyAIVHA==",
      "hasInstallScript": true,
      "optional": true,
      "dependencies": {
        "node-gyp-build-optional-packages": "5.1.1"
      },
      "bin": {
        "download-cbor-prebuilds": "bin/download-prebuilds.js"
      },
      "optionalDependencies": {
        "@cbor-extract/cbor-extract-darwin-arm64": "2.2.0",
        "@cbor-extract/cbor-extract-darwin-x64": "2.2.0",
        "@cbor-extract/cbor-extract-linux-arm": "2.2.0",
        "@cbor-extract/cbor-extract-linux-arm64": "2.2.0",
        "@cbor-extract/cbor-extract-linux-x64": "2.2.0",
        "@cbor-extract/cbor-extract-win32-x64": "2.2.0"
      }
    },
    "node_modules/cbor-x": {
      "version": "1.6.0",
      "resolved": "https://registry.npmjs.org/cbor-x/-/cbor-x-1.6.0.tgz",
      "integrity": "sha512-0kareyRwHSkL6ws5VXHEf8uY1liitysCVJjlmhaLG+IXLqhSaOO+t63coaso7yjwEzWZzLy8fJo06gZDVQM9Qg==",
      "optionalDependencies": {
        "cbor-extract": "^2.2.0"
      }
    },
    "node_modules/cborg": {
      "version": "4.2.7",
      "resolved": "https://registry.npmjs.org/cborg/-/cborg-4.2.7.tgz",
      "integrity": "sha512-zHTUAm+HAoRLtGEQ1b28HXBm8d/5YP+7eiSKzEu/mpFkptGYaMQCHv15OiQBuyNlIgbCBXvBbZQPl3xvcZTJXg==",
      "bin": {
        "cborg": "lib/bin.js"
      }
    },
    "node_modules/detect-libc": {
      "version": "2.0.3",
      "resolved": "https://registry.npmjs.org/detect-libc/-/detect-libc-2.0.3.tgz",
      "integrity": "sha512-bwy0MGW55bG41VqxxypOsdSdGqLwXPI/focwgTYCFMbdUiBAxLg9CFzG08sz2aqzknwiX7Hkl0bQENjg8iLByw==",
      "optional": true,
      "engines": {
        "node": ">=8"
      }
    },
    "node_modules/esbuild": {
      "version": "0.24.2",
      "resolved": "https://registry.npmjs.org/esbuild/-/esbuild-0.24.2.tgz",
      "integrity": "sha512-+9egpBW8I3CD5XPe0n6BfT5fxLzxrlDzqydF3aviG+9ni1lDC/OvMHcxqEFV0+LANZG5R1bFMWfUrjVsdwxJvA==",
      "hasInstallScript": true,
      "license": "MIT",
      "bin": {
        "esbuild": "bin/esbuild"
      },
      "engines": {
        "node": ">=18"
      },
      "optionalDependencies": {
        "@esbuild/aix-ppc64": "0.24.2",
        "@esbuild/android-arm": "0.24.2",
        "@esbuild/android-arm64": "0.24.2",
        "@esbuild/android-x64": "0.24.2",
        "@esbuild/darwin-arm64": "0.24.2",
        "@esbuild/darwin-x64": "0.24.2",
        "@esbuild/freebsd-arm64": "0.24.2",
        "@esbuild/freebsd-x64": "0.24.2",
        "@esbuild/linux-arm": "0.24.2",
        "@esbuild/linux-arm64": "0.24.2",
        "@esbuild/linux-ia32": "0.24.2",
        "@esbuild/linux-loong64": "0.24.2",
        "@esbuild/linux-mips64el": "0.24.2",
        "@esbuild/linux-ppc64": "0.24.2",
        "@esbuild/linux-riscv64": "0.24.2",
        "@esbuild/linux-s390x": "0.24.2",
        "@esbuild/linux-x64": "0.24.2",
        "@esbuild/netbsd-arm64": "0.24.2",
        "@esbuild/netbsd-x64": "0.24.2",
        "@esbuild/openbsd-arm64": "0.24.2",
        "@esbuild/openbsd-x64": "0.24.2",
        "@esbuild/sunos-x64": "0.24.2",
        "@esbuild/win32-arm64": "0.24.2",
        "@esbuild/win32-ia32": "0.24.2",
        "@esbuild/win32-x64": "0.24.2"
      }
    },
    "node_modules/multiformats": {
      "version": "13.3.1",
      "resolved": "https://registry.npmjs.org/multiformats/-/multiformats-13.3.1.tgz",
      "integrity": "sha512-QxowxTNwJ3r5RMctoGA5p13w5RbRT2QDkoM+yFlqfLiioBp78nhDjnRLvmSBI9+KAqN4VdgOVWM9c0CHd86m3g=="
    },
    "node_modules/node-gyp-build-optional-packages": {
      "version": "5.1.1",
      "resolved": "https://registry.npmjs.org/node-gyp-build-optional-packages/-/node-gyp-build-optional-packages-5.1.1.tgz",
      "integrity": "sha512-+P72GAjVAbTxjjwUmwjVrqrdZROD4nf8KgpBoDxqXXTiYZZt/ud60dE5yvCSr9lRO8e8yv6kgJIC0K0PfZFVQw==",
      "optional": true,
      "dependencies": {
        "detect-libc": "^2.0.1"
      },
      "bin": {
        "node-gyp-build-optional-packages": "bin.js",
        "node-gyp-build-optional-packages-optional": "optional.js",
        "node-gyp-build-optional-packages-test": "build-test.js"
      }
    },
    "node_modules/require-from-string": {
      "version": "2.0.2",
      "resolved": "https://registry.npmjs.org/require-from-string/-/require-from-string-2.0.2.tgz",
      "integrity": "sha512-Xf0nWe6RseziFMu+Ap9biiUbmplq6S9/p+7w7YXP/JBHhrUDDUhwa+vANyubuqfZWTveU//DYVGsDG7RKL/vEw==",
      "license": "MIT",
      "engines": {
        "node": ">=0.10.0"
      }
    },
    "node_modules/three": {
      "version": "0.172.0",
      "resolved": "https://registry.npmjs.org/three/-/three-0.172.0.tgz",
      "integrity": "sha512-6HMgMlzU97MsV7D/tY8Va38b83kz8YJX+BefKjspMNAv0Vx6dxMogHOrnRl/sbMIs3BPUKijPqDqJ/+UwJbIow==",
      "license": "MIT"
    },
    "node_modules/troika-three-text": {
      "version": "0.52.3",
      "resolved": "https://registry.npmjs.org/troika-three-text/-/troika-three-text-0.52.3.tgz",
      "integrity": "sha512-jLhiwgV8kEkwWjvK12f2fHVpbOC75p7SgPQ0cgcz+IMtN5Bdyg4EuFdwuTOVu9ga8UeYdKBpzd1AxviyixtYTQ==",
      "license": "MIT",
      "dependencies": {
        "bidi-js": "^1.0.2",
        "troika-three-utils": "^0.52.0",
        "troika-worker-utils": "^0.52.0",
        "webgl-sdf-generator": "1.1.1"
      },
      "peerDependencies": {
        "three": ">=0.125.0"
      }
    },
    "node_modules/troika-three-utils": {
      "version": "0.52.0",
      "resolved": "https://registry.npmjs.org/troika-three-utils/-/troika-three-utils-0.52.0.tgz",
      "integrity": "sha512-00oxqIIehtEKInOTQekgyknBuRUj1POfOUE2q1OmL+Xlpp4gIu+S0oA0schTyXsDS4d9DkR04iqCdD40rF5R6w==",
      "license": "MIT",
      "peerDependencies": {
        "three": ">=0.125.0"
      }
    },
    "node_modules/troika-worker-utils": {
      "version": "0.52.0",
      "resolved": "https://registry.npmjs.org/troika-worker-utils/-/troika-worker-utils-0.52.0.tgz",
      "integrity": "sha512-W1CpvTHykaPH5brv5VHLfQo9D1OYuo0cSBEUQFFT/nBUzM8iD6Lq2/tgG/f1OelbAS1WtaTPQzE5uM49egnngw==",
      "license": "MIT"
    },
    "node_modules/varint": {
      "version": "6.0.0",
      "resolved": "https://registry.npmjs.org/varint/-/varint-6.0.0.tgz",
      "integrity": "sha512-cXEIW6cfr15lFv563k4GuVuW/fiwjknytD37jIOLSdSWuOI6WnO/oKwmP2FQTU2l01LP8/M5TSAJpzUaGe3uWg=="
    },
    "node_modules/webgl-sdf-generator": {
      "version": "1.1.1",
      "resolved": "https://registry.npmjs.org/webgl-sdf-generator/-/webgl-sdf-generator-1.1.1.tgz",
      "integrity": "sha512-9Z0JcMTFxeE+b2x1LJTdnaT8rT8aEp7MVxkNwoycNmJWwPdzoXzMh0BjJSh/AEFP+KPYZUli814h8bJZFIZ2jA==",
      "license": "MIT"
    }
  }
}
